
Microsoft Visual Studio Solution File, Format Version 12.00
# Visual Studio Version 16
VisualStudioVersion = 16.0.32413.511
MinimumVisualStudioVersion = 10.0.40219.1
Project("{FAE04EC0-301F-11D3-BF4B-00C04F79EFBC}") = "MediaTekDocuments", "MediaTekDocuments\MediaTekDocuments.csproj", "{75DE903D-6147-4E14-BBE0-FA20CD1F9840}"
EndProject
Project("{FAE04EC0-301F-11D3-BF4B-00C04F79EFBC}") = "TestParutionAbonnement", "TestParutionAbonnement\TestParutionAbonnement.csproj", "{F6D4B0D9-E919-4B74-9C72-DE4B39BBFF73}"
EndProject
Project("{FAE04EC0-301F-11D3-BF4B-00C04F79EFBC}") = "MediatekDocumentsModelsTests", "MediatekDocumentsModelsTests\MediatekDocumentsModelsTests.csproj", "{5632798C-97B1-4EF9-9F29-9754AFC80AB7}"
EndProject
Project("{FAE04EC0-301F-11D3-BF4B-00C04F79EFBC}") = "SpecFlowMediatekDocuments", "SpecFlowMediatekDocuments\SpecFlowMediatekDocuments.csproj", "{6E5F2A9D-72EF-491F-AFA6-2A86D2B53D5D}"
EndProject
Global
	GlobalSection(SolutionConfigurationPlatforms) = preSolution
		Debug|Any CPU = Debug|Any CPU
		Release|Any CPU = Release|Any CPU
	EndGlobalSection
	GlobalSection(ProjectConfigurationPlatforms) = postSolution
		{75DE903D-6147-4E14-BBE0-FA20CD1F9840}.Debug|Any CPU.ActiveCfg = Debug|Any CPU
		{75DE903D-6147-4E14-BBE0-FA20CD1F9840}.Debug|Any CPU.Build.0 = Debug|Any CPU
		{75DE903D-6147-4E14-BBE0-FA20CD1F9840}.Release|Any CPU.ActiveCfg = Release|Any CPU
		{75DE903D-6147-4E14-BBE0-FA20CD1F9840}.Release|Any CPU.Build.0 = Release|Any CPU
		{F6D4B0D9-E919-4B74-9C72-DE4B39BBFF73}.Debug|Any CPU.ActiveCfg = Debug|Any CPU
		{F6D4B0D9-E919-4B74-9C72-DE4B39BBFF73}.Debug|Any CPU.Build.0 = Debug|Any CPU
		{F6D4B0D9-E919-4B74-9C72-DE4B39BBFF73}.Release|Any CPU.ActiveCfg = Release|Any CPU
		{F6D4B0D9-E919-4B74-9C72-DE4B39BBFF73}.Release|Any CPU.Build.0 = Release|Any CPU
		{5632798C-97B1-4EF9-9F29-9754AFC80AB7}.Debug|Any CPU.ActiveCfg = Debug|Any CPU
		{5632798C-97B1-4EF9-9F29-9754AFC80AB7}.Debug|Any CPU.Build.0 = Debug|Any CPU
		{5632798C-97B1-4EF9-9F29-9754AFC80AB7}.Release|Any CPU.ActiveCfg = Release|Any CPU
		{5632798C-97B1-4EF9-9F29-9754AFC80AB7}.Release|Any CPU.Build.0 = Release|Any CPU
		{6E5F2A9D-72EF-491F-AFA6-2A86D2B53D5D}.Debug|Any CPU.ActiveCfg = Debug|Any CPU
		{6E5F2A9D-72EF-491F-AFA6-2A86D2B53D5D}.Debug|Any CPU.Build.0 = Debug|Any CPU
		{6E5F2A9D-72EF-491F-AFA6-2A86D2B53D5D}.Release|Any CPU.ActiveCfg = Release|Any CPU
		{6E5F2A9D-72EF-491F-AFA6-2A86D2B53D5D}.Release|Any CPU.Build.0 = Release|Any CPU
	EndGlobalSection
	GlobalSection(SolutionProperties) = preSolution
		HideSolutionNode = FALSE
	EndGlobalSection
	GlobalSection(ExtensibilityGlobals) = postSolution
		SolutionGuid = {9B2569CA-5E60-4743-9497-FCE8940AD153}
	EndGlobalSection
EndGlobal
